// !$*UTF8*$!
{
	archiveVersion = 1;
	classes = {
	};
	objectVersion = 46;
	objects = {

/* Begin PBXBuildFile section */
		43A538A77FD641187BBBC951 /* Pods_MyLife2Tests.framework in Frameworks */ = {isa = PBXBuildFile; fileRef = EF4B3037B4A87B0A58E0711B /* Pods_MyLife2Tests.framework */; };
		9C07A802FD401954A8B2CC53 /* Pods_MyLife2.framework in Frameworks */ = {isa = PBXBuildFile; fileRef = B15929DD98AF632F5D479D99 /* Pods_MyLife2.framework */; };
		AB7291FD1DF176BD0006BE61 /* AppDelegate.swift in Sources */ = {isa = PBXBuildFile; fileRef = AB7291FC1DF176BD0006BE61 /* AppDelegate.swift */; };
		AB7292041DF176BD0006BE61 /* Assets.xcassets in Resources */ = {isa = PBXBuildFile; fileRef = AB7292031DF176BD0006BE61 /* Assets.xcassets */; };
		AB7292071DF176BD0006BE61 /* LaunchScreen.storyboard in Resources */ = {isa = PBXBuildFile; fileRef = AB7292051DF176BD0006BE61 /* LaunchScreen.storyboard */; };
		AB72921F1DF1826E0006BE61 /* Main.storyboard in Resources */ = {isa = PBXBuildFile; fileRef = AB72921E1DF1826E0006BE61 /* Main.storyboard */; };
/* End PBXBuildFile section */

/* Begin PBXContainerItemProxy section */
		AB72920E1DF176BD0006BE61 /* PBXContainerItemProxy */ = {
			isa = PBXContainerItemProxy;
			containerPortal = AB7291F11DF176BD0006BE61 /* Project object */;
			proxyType = 1;
			remoteGlobalIDString = AB7291F81DF176BD0006BE61;
			remoteInfo = MyLife2;
		};
/* End PBXContainerItemProxy section */

/* Begin PBXFileReference section */
		446D86022CB483E9FEDFFEA3 /* Pods-MyLife2Tests.release.xcconfig */ = {isa = PBXFileReference; includeInIndex = 1; lastKnownFileType = text.xcconfig; name = "Pods-MyLife2Tests.release.xcconfig"; path = "Pods/Target Support Files/Pods-MyLife2Tests/Pods-MyLife2Tests.release.xcconfig"; sourceTree = "<group>"; };
		471C452CC6826AD5AAFB67CA /* Pods-MyLife2.debug.xcconfig */ = {isa = PBXFileReference; includeInIndex = 1; lastKnownFileType = text.xcconfig; name = "Pods-MyLife2.debug.xcconfig"; path = "Pods/Target Support Files/Pods-MyLife2/Pods-MyLife2.debug.xcconfig"; sourceTree = "<group>"; };
		AB7291F91DF176BD0006BE61 /* MyLife2.app */ = {isa = PBXFileReference; explicitFileType = wrapper.application; includeInIndex = 0; path = MyLife2.app; sourceTree = BUILT_PRODUCTS_DIR; };
		AB7291FC1DF176BD0006BE61 /* AppDelegate.swift */ = {isa = PBXFileReference; lastKnownFileType = sourcecode.swift; path = AppDelegate.swift; sourceTree = "<group>"; };
		AB7292031DF176BD0006BE61 /* Assets.xcassets */ = {isa = PBXFileReference; lastKnownFileType = folder.assetcatalog; path = Assets.xcassets; sourceTree = "<group>"; };
		AB7292061DF176BD0006BE61 /* Base */ = {isa = PBXFileReference; lastKnownFileType = file.storyboard; name = Base; path = Base.lproj/LaunchScreen.storyboard; sourceTree = "<group>"; };
		AB7292081DF176BD0006BE61 /* Info.plist */ = {isa = PBXFileReference; lastKnownFileType = text.plist.xml; path = Info.plist; sourceTree = "<group>"; };
		AB72920D1DF176BD0006BE61 /* MyLife2Tests.xctest */ = {isa = PBXFileReference; explicitFileType = wrapper.cfbundle; includeInIndex = 0; path = MyLife2Tests.xctest; sourceTree = BUILT_PRODUCTS_DIR; };
		AB7292131DF176BD0006BE61 /* Info.plist */ = {isa = PBXFileReference; lastKnownFileType = text.plist.xml; path = Info.plist; sourceTree = "<group>"; };
		AB72921E1DF1826E0006BE61 /* Main.storyboard */ = {isa = PBXFileReference; fileEncoding = 4; lastKnownFileType = file.storyboard; path = Main.storyboard; sourceTree = "<group>"; };
		B15929DD98AF632F5D479D99 /* Pods_MyLife2.framework */ = {isa = PBXFileReference; explicitFileType = wrapper.framework; includeInIndex = 0; path = Pods_MyLife2.framework; sourceTree = BUILT_PRODUCTS_DIR; };
		B1F47F889316068A032DF5AD /* Pods-MyLife2.release.xcconfig */ = {isa = PBXFileReference; includeInIndex = 1; lastKnownFileType = text.xcconfig; name = "Pods-MyLife2.release.xcconfig"; path = "Pods/Target Support Files/Pods-MyLife2/Pods-MyLife2.release.xcconfig"; sourceTree = "<group>"; };
		D67C1A196ECEFB8F9663A044 /* Pods-MyLife2Tests.debug.xcconfig */ = {isa = PBXFileReference; includeInIndex = 1; lastKnownFileType = text.xcconfig; name = "Pods-MyLife2Tests.debug.xcconfig"; path = "Pods/Target Support Files/Pods-MyLife2Tests/Pods-MyLife2Tests.debug.xcconfig"; sourceTree = "<group>"; };
		EF4B3037B4A87B0A58E0711B /* Pods_MyLife2Tests.framework */ = {isa = PBXFileReference; explicitFileType = wrapper.framework; includeInIndex = 0; path = Pods_MyLife2Tests.framework; sourceTree = BUILT_PRODUCTS_DIR; };
/* End PBXFileReference section */

/* Begin PBXFrameworksBuildPhase section */
		AB7291F61DF176BD0006BE61 /* Frameworks */ = {
			isa = PBXFrameworksBuildPhase;
			buildActionMask = 2147483647;
			files = (
				9C07A802FD401954A8B2CC53 /* Pods_MyLife2.framework in Frameworks */,
			);
			runOnlyForDeploymentPostprocessing = 0;
		};
		AB72920A1DF176BD0006BE61 /* Frameworks */ = {
			isa = PBXFrameworksBuildPhase;
			buildActionMask = 2147483647;
			files = (
				43A538A77FD641187BBBC951 /* Pods_MyLife2Tests.framework in Frameworks */,
			);
			runOnlyForDeploymentPostprocessing = 0;
		};
/* End PBXFrameworksBuildPhase section */

/* Begin PBXGroup section */
		1823409BC2BD4149BD87EB7B /* Frameworks */ = {
			isa = PBXGroup;
			children = (
				B15929DD98AF632F5D479D99 /* Pods_MyLife2.framework */,
				EF4B3037B4A87B0A58E0711B /* Pods_MyLife2Tests.framework */,
			);
			name = Frameworks;
			sourceTree = "<group>";
		};
		AB7291F01DF176BD0006BE61 = {
			isa = PBXGroup;
			children = (
				AB7291FB1DF176BD0006BE61 /* MyLife2 */,
				AB7292101DF176BD0006BE61 /* MyLife2Tests */,
				AB7291FA1DF176BD0006BE61 /* Products */,
				C7036D25C8826A167F71E17B /* Pods */,
				1823409BC2BD4149BD87EB7B /* Frameworks */,
			);
			sourceTree = "<group>";
		};
		AB7291FA1DF176BD0006BE61 /* Products */ = {
			isa = PBXGroup;
			children = (
				AB7291F91DF176BD0006BE61 /* MyLife2.app */,
				AB72920D1DF176BD0006BE61 /* MyLife2Tests.xctest */,
			);
			name = Products;
			sourceTree = "<group>";
		};
		AB7291FB1DF176BD0006BE61 /* MyLife2 */ = {
			isa = PBXGroup;
			children = (
				AB7291FC1DF176BD0006BE61 /* AppDelegate.swift */,
				AB72921E1DF1826E0006BE61 /* Main.storyboard */,
				AB7292031DF176BD0006BE61 /* Assets.xcassets */,
				AB7292051DF176BD0006BE61 /* LaunchScreen.storyboard */,
				AB7292081DF176BD0006BE61 /* Info.plist */,
			);
			path = MyLife2;
			sourceTree = "<group>";
		};
		AB7292101DF176BD0006BE61 /* MyLife2Tests */ = {
			isa = PBXGroup;
			children = (
				AB7292131DF176BD0006BE61 /* Info.plist */,
			);
			path = MyLife2Tests;
			sourceTree = "<group>";
		};
		C7036D25C8826A167F71E17B /* Pods */ = {
			isa = PBXGroup;
			children = (
				471C452CC6826AD5AAFB67CA /* Pods-MyLife2.debug.xcconfig */,
				B1F47F889316068A032DF5AD /* Pods-MyLife2.release.xcconfig */,
				D67C1A196ECEFB8F9663A044 /* Pods-MyLife2Tests.debug.xcconfig */,
				446D86022CB483E9FEDFFEA3 /* Pods-MyLife2Tests.release.xcconfig */,
			);
			name = Pods;
			sourceTree = "<group>";
		};
/* End PBXGroup section */

/* Begin PBXNativeTarget section */
		AB7291F81DF176BD0006BE61 /* MyLife2 */ = {
			isa = PBXNativeTarget;
			buildConfigurationList = AB7292161DF176BD0006BE61 /* Build configuration list for PBXNativeTarget "MyLife2" */;
			buildPhases = (
				14D1C25DF946AC1DD4401194 /* [CP] Check Pods Manifest.lock */,
				AB7291F51DF176BD0006BE61 /* Sources */,
				AB7291F61DF176BD0006BE61 /* Frameworks */,
				AB7291F71DF176BD0006BE61 /* Resources */,
				B12564F24ACF1EE92FC3457A /* [CP] Embed Pods Frameworks */,
				5ACED509304040040467B7B1 /* [CP] Copy Pods Resources */,
			);
			buildRules = (
			);
			dependencies = (
			);
			name = MyLife2;
			productName = MyLife2;
			productReference = AB7291F91DF176BD0006BE61 /* MyLife2.app */;
			productType = "com.apple.product-type.application";
		};
		AB72920C1DF176BD0006BE61 /* MyLife2Tests */ = {
			isa = PBXNativeTarget;
			buildConfigurationList = AB7292191DF176BD0006BE61 /* Build configuration list for PBXNativeTarget "MyLife2Tests" */;
			buildPhases = (
				4E6B6C4F28EDB66913E4C8CC /* [CP] Check Pods Manifest.lock */,
				AB7292091DF176BD0006BE61 /* Sources */,
				AB72920A1DF176BD0006BE61 /* Frameworks */,
				AB72920B1DF176BD0006BE61 /* Resources */,
				6A14B00E2AF655C315DDE700 /* [CP] Embed Pods Frameworks */,
				8ED3B4BF3C473D2DC2EE7311 /* [CP] Copy Pods Resources */,
			);
			buildRules = (
			);
			dependencies = (
				AB72920F1DF176BD0006BE61 /* PBXTargetDependency */,
			);
			name = MyLife2Tests;
			productName = MyLife2Tests;
			productReference = AB72920D1DF176BD0006BE61 /* MyLife2Tests.xctest */;
			productType = "com.apple.product-type.bundle.unit-test";
		};
/* End PBXNativeTarget section */

/* Begin PBXProject section */
		AB7291F11DF176BD0006BE61 /* Project object */ = {
			isa = PBXProject;
			attributes = {
				LastSwiftUpdateCheck = 0810;
				LastUpgradeCheck = 0810;
				ORGANIZATIONNAME = "Ivan Rublev";
				TargetAttributes = {
					AB7291F81DF176BD0006BE61 = {
						CreatedOnToolsVersion = 8.1;
						ProvisioningStyle = Automatic;
					};
					AB72920C1DF176BD0006BE61 = {
						CreatedOnToolsVersion = 8.1;
						ProvisioningStyle = Automatic;
						TestTargetID = AB7291F81DF176BD0006BE61;
					};
				};
			};
			buildConfigurationList = AB7291F41DF176BD0006BE61 /* Build configuration list for PBXProject "MyLife2" */;
			compatibilityVersion = "Xcode 3.2";
			developmentRegion = English;
			hasScannedForEncodings = 0;
			knownRegions = (
				en,
				Base,
			);
			mainGroup = AB7291F01DF176BD0006BE61;
			productRefGroup = AB7291FA1DF176BD0006BE61 /* Products */;
			projectDirPath = "";
			projectRoot = "";
			targets = (
				AB7291F81DF176BD0006BE61 /* MyLife2 */,
				AB72920C1DF176BD0006BE61 /* MyLife2Tests */,
			);
		};
/* End PBXProject section */

/* Begin PBXResourcesBuildPhase section */
		AB7291F71DF176BD0006BE61 /* Resources */ = {
			isa = PBXResourcesBuildPhase;
			buildActionMask = 2147483647;
			files = (
				AB72921F1DF1826E0006BE61 /* Main.storyboard in Resources */,
				AB7292071DF176BD0006BE61 /* LaunchScreen.storyboard in Resources */,
				AB7292041DF176BD0006BE61 /* Assets.xcassets in Resources */,
			);
			runOnlyForDeploymentPostprocessing = 0;
		};
		AB72920B1DF176BD0006BE61 /* Resources */ = {
			isa = PBXResourcesBuildPhase;
			buildActionMask = 2147483647;
			files = (
			);
			runOnlyForDeploymentPostprocessing = 0;
		};
/* End PBXResourcesBuildPhase section */

/* Begin PBXShellScriptBuildPhase section */
		14D1C25DF946AC1DD4401194 /* [CP] Check Pods Manifest.lock */ = {
			isa = PBXShellScriptBuildPhase;
			buildActionMask = 2147483647;
			files = (
			);
			inputPaths = (
			);
			name = "[CP] Check Pods Manifest.lock";
			outputPaths = (
			);
			runOnlyForDeploymentPostprocessing = 0;
			shellPath = /bin/sh;
			shellScript = "diff \"${PODS_ROOT}/../Podfile.lock\" \"${PODS_ROOT}/Manifest.lock\" > /dev/null\nif [ $? != 0 ] ; then\n    # print error to STDERR\n    echo \"error: The sandbox is not in sync with the Podfile.lock. Run 'pod install' or update your CocoaPods installation.\" >&2\n    exit 1\nfi\n";
			showEnvVarsInLog = 0;
		};
		4E6B6C4F28EDB66913E4C8CC /* [CP] Check Pods Manifest.lock */ = {
			isa = PBXShellScriptBuildPhase;
			buildActionMask = 2147483647;
			files = (
			);
			inputPaths = (
			);
			name = "[CP] Check Pods Manifest.lock";
			outputPaths = (
			);
			runOnlyForDeploymentPostprocessing = 0;
			shellPath = /bin/sh;
			shellScript = "diff \"${PODS_ROOT}/../Podfile.lock\" \"${PODS_ROOT}/Manifest.lock\" > /dev/null\nif [ $? != 0 ] ; then\n    # print error to STDERR\n    echo \"error: The sandbox is not in sync with the Podfile.lock. Run 'pod install' or update your CocoaPods installation.\" >&2\n    exit 1\nfi\n";
			showEnvVarsInLog = 0;
		};
		5ACED509304040040467B7B1 /* [CP] Copy Pods Resources */ = {
			isa = PBXShellScriptBuildPhase;
			buildActionMask = 2147483647;
			files = (
			);
			inputPaths = (
			);
			name = "[CP] Copy Pods Resources";
			outputPaths = (
			);
			runOnlyForDeploymentPostprocessing = 0;
			shellPath = /bin/sh;
			shellScript = "\"${SRCROOT}/Pods/Target Support Files/Pods-MyLife2/Pods-MyLife2-resources.sh\"\n";
			showEnvVarsInLog = 0;
		};
		6A14B00E2AF655C315DDE700 /* [CP] Embed Pods Frameworks */ = {
			isa = PBXShellScriptBuildPhase;
			buildActionMask = 2147483647;
			files = (
			);
			inputPaths = (
			);
			name = "[CP] Embed Pods Frameworks";
			outputPaths = (
			);
			runOnlyForDeploymentPostprocessing = 0;
			shellPath = /bin/sh;
			shellScript = "\"${SRCROOT}/Pods/Target Support Files/Pods-MyLife2Tests/Pods-MyLife2Tests-frameworks.sh\"\n";
			showEnvVarsInLog = 0;
		};
		8ED3B4BF3C473D2DC2EE7311 /* [CP] Copy Pods Resources */ = {
			isa = PBXShellScriptBuildPhase;
			buildActionMask = 2147483647;
			files = (
			);
			inputPaths = (
			);
			name = "[CP] Copy Pods Resources";
			outputPaths = (
			);
			runOnlyForDeploymentPostprocessing = 0;
			shellPath = /bin/sh;
			shellScript = "\"${SRCROOT}/Pods/Target Support Files/Pods-MyLife2Tests/Pods-MyLife2Tests-resources.sh\"\n";
			showEnvVarsInLog = 0;
		};
		B12564F24ACF1EE92FC3457A /* [CP] Embed Pods Frameworks */ = {
			isa = PBXShellScriptBuildPhase;
			buildActionMask = 2147483647;
			files = (
			);
			inputPaths = (
			);
			name = "[CP] Embed Pods Frameworks";
			outputPaths = (
			);
			runOnlyForDeploymentPostprocessing = 0;
			shellPath = /bin/sh;
			shellScript = "\"${SRCROOT}/Pods/Target Support Files/Pods-MyLife2/Pods-MyLife2-frameworks.sh\"\n";
			showEnvVarsInLog = 0;
		};
/* End PBXShellScriptBuildPhase section */

/* Begin PBXSourcesBuildPhase section */
		AB7291F51DF176BD0006BE61 /* Sources */ = {
			isa = PBXSourcesBuildPhase;
			buildActionMask = 2147483647;
			files = (
				AB7291FD1DF176BD0006BE61 /* AppDelegate.swift in Sources */,
			);
			runOnlyForDeploymentPostprocessing = 0;
		};
		AB7292091DF176BD0006BE61 /* Sources */ = {
			isa = PBXSourcesBuildPhase;
			buildActionMask = 2147483647;
			files = (
			);
			runOnlyForDeploymentPostprocessing = 0;
		};
/* End PBXSourcesBuildPhase section */

/* Begin PBXTargetDependency section */
		AB72920F1DF176BD0006BE61 /* PBXTargetDependency */ = {
			isa = PBXTargetDependency;
			target = AB7291F81DF176BD0006BE61 /* MyLife2 */;
			targetProxy = AB72920E1DF176BD0006BE61 /* PBXContainerItemProxy */;
		};
/* End PBXTargetDependency section */

/* Begin PBXVariantGroup section */
		AB7292051DF176BD0006BE61 /* LaunchScreen.storyboard */ = {
			isa = PBXVariantGroup;
			children = (
				AB7292061DF176BD0006BE61 /* Base */,
			);
			name = LaunchScreen.storyboard;
			sourceTree = "<group>";
		};
/* End PBXVariantGroup section */

/* Begin XCBuildConfiguration section */
		AB7292141DF176BD0006BE61 /* Debug */ = {
			isa = XCBuildConfiguration;
			buildSettings = {
				ALWAYS_SEARCH_USER_PATHS = NO;
				CLANG_ANALYZER_NONNULL = YES;
				CLANG_CXX_LANGUAGE_STANDARD = "gnu++0x";
				CLANG_CXX_LIBRARY = "libc++";
				CLANG_ENABLE_MODULES = YES;
				CLANG_ENABLE_OBJC_ARC = YES;
				CLANG_WARN_BOOL_CONVERSION = YES;
				CLANG_WARN_CONSTANT_CONVERSION = YES;
				CLANG_WARN_DIRECT_OBJC_ISA_USAGE = YES_ERROR;
				CLANG_WARN_DOCUMENTATION_COMMENTS = YES;
				CLANG_WARN_EMPTY_BODY = YES;
				CLANG_WARN_ENUM_CONVERSION = YES;
				CLANG_WARN_INFINITE_RECURSION = YES;
				CLANG_WARN_INT_CONVERSION = YES;
				CLANG_WARN_OBJC_ROOT_CLASS = YES_ERROR;
				CLANG_WARN_SUSPICIOUS_MOVES = YES;
				CLANG_WARN_UNREACHABLE_CODE = YES;
				CLANG_WARN__DUPLICATE_METHOD_MATCH = YES;
				"CODE_SIGN_IDENTITY[sdk=iphoneos*]" = "iPhone Developer";
				COPY_PHASE_STRIP = NO;
				DEBUG_INFORMATION_FORMAT = dwarf;
				ENABLE_STRICT_OBJC_MSGSEND = YES;
				ENABLE_TESTABILITY = YES;
				GCC_C_LANGUAGE_STANDARD = gnu99;
				GCC_DYNAMIC_NO_PIC = NO;
				GCC_NO_COMMON_BLOCKS = YES;
				GCC_OPTIMIZATION_LEVEL = 0;
				GCC_PREPROCESSOR_DEFINITIONS = (
					"DEBUG=1",
					"$(inherited)",
				);
				GCC_WARN_64_TO_32_BIT_CONVERSION = YES;
				GCC_WARN_ABOUT_RETURN_TYPE = YES_ERROR;
				GCC_WARN_UNDECLARED_SELECTOR = YES;
				GCC_WARN_UNINITIALIZED_AUTOS = YES_AGGRESSIVE;
				GCC_WARN_UNUSED_FUNCTION = YES;
				GCC_WARN_UNUSED_VARIABLE = YES;
				IPHONEOS_DEPLOYMENT_TARGET = 10.0;
				MTL_ENABLE_DEBUG_INFO = YES;
				ONLY_ACTIVE_ARCH = YES;
				SDKROOT = iphoneos;
				SWIFT_ACTIVE_COMPILATION_CONDITIONS = DEBUG;
				SWIFT_OPTIMIZATION_LEVEL = "-Onone";
			};
			name = Debug;
		};
		AB7292151DF176BD0006BE61 /* Release */ = {
			isa = XCBuildConfiguration;
			buildSettings = {
				ALWAYS_SEARCH_USER_PATHS = NO;
				CLANG_ANALYZER_NONNULL = YES;
				CLANG_CXX_LANGUAGE_STANDARD = "gnu++0x";
				CLANG_CXX_LIBRARY = "libc++";
				CLANG_ENABLE_MODULES = YES;
				CLANG_ENABLE_OBJC_ARC = YES;
				CLANG_WARN_BOOL_CONVERSION = YES;
				CLANG_WARN_CONSTANT_CONVERSION = YES;
				CLANG_WARN_DIRECT_OBJC_ISA_USAGE = YES_ERROR;
				CLANG_WARN_DOCUMENTATION_COMMENTS = YES;
				CLANG_WARN_EMPTY_BODY = YES;
				CLANG_WARN_ENUM_CONVERSION = YES;
				CLANG_WARN_INFINITE_RECURSION = YES;
				CLANG_WARN_INT_CONVERSION = YES;
				CLANG_WARN_OBJC_ROOT_CLASS = YES_ERROR;
				CLANG_WARN_SUSPICIOUS_MOVES = YES;
				CLANG_WARN_UNREACHABLE_CODE = YES;
				CLANG_WARN__DUPLICATE_METHOD_MATCH = YES;
				"CODE_SIGN_IDENTITY[sdk=iphoneos*]" = "iPhone Developer";
				COPY_PHASE_STRIP = NO;
				DEBUG_INFORMATION_FORMAT = "dwarf-with-dsym";
				ENABLE_NS_ASSERTIONS = NO;
				ENABLE_STRICT_OBJC_MSGSEND = YES;
				GCC_C_LANGUAGE_STANDARD = gnu99;
				GCC_NO_COMMON_BLOCKS = YES;
				GCC_WARN_64_TO_32_BIT_CONVERSION = YES;
				GCC_WARN_ABOUT_RETURN_TYPE = YES_ERROR;
				GCC_WARN_UNDECLARED_SELECTOR = YES;
				GCC_WARN_UNINITIALIZED_AUTOS = YES_AGGRESSIVE;
				GCC_WARN_UNUSED_FUNCTION = YES;
				GCC_WARN_UNUSED_VARIABLE = YES;
				IPHONEOS_DEPLOYMENT_TARGET = 10.0;
				MTL_ENABLE_DEBUG_INFO = NO;
				SDKROOT = iphoneos;
				SWIFT_OPTIMIZATION_LEVEL = "-Owholemodule";
				VALIDATE_PRODUCT = YES;
			};
			name = Release;
		};
		AB7292171DF176BD0006BE61 /* Debug */ = {
			isa = XCBuildConfiguration;
			baseConfigurationReference = 471C452CC6826AD5AAFB67CA /* Pods-MyLife2.debug.xcconfig */;
			buildSettings = {
				ASSETCATALOG_COMPILER_APPICON_NAME = AppIcon;
				INFOPLIST_FILE = MyLife2/Info.plist;
				LD_RUNPATH_SEARCH_PATHS = "$(inherited) @executable_path/Frameworks";
				PRODUCT_BUNDLE_IDENTIFIER = me.ivanrublev.MyLife2;
				PRODUCT_NAME = "$(TARGET_NAME)";
				SWIFT_VERSION = 3.0;
			};
			name = Debug;
		};
		AB7292181DF176BD0006BE61 /* Release */ = {
			isa = XCBuildConfiguration;
			baseConfigurationReference = B1F47F889316068A032DF5AD /* Pods-MyLife2.release.xcconfig */;
			buildSettings = {
				ASSETCATALOG_COMPILER_APPICON_NAME = AppIcon;
				INFOPLIST_FILE = MyLife2/Info.plist;
				LD_RUNPATH_SEARCH_PATHS = "$(inherited) @executable_path/Frameworks";
				PRODUCT_BUNDLE_IDENTIFIER = me.ivanrublev.MyLife2;
				PRODUCT_NAME = "$(TARGET_NAME)";
				SWIFT_VERSION = 3.0;
			};
			name = Release;
		};
		AB72921A1DF176BD0006BE61 /* Debug */ = {
			isa = XCBuildConfiguration;
			baseConfigurationReference = D67C1A196ECEFB8F9663A044 /* Pods-MyLife2Tests.debug.xcconfig */;
			buildSettings = {
				BUNDLE_LOADER = "$(TEST_HOST)";
				INFOPLIST_FILE = MyLife2Tests/Info.plist;
				LD_RUNPATH_SEARCH_PATHS = "$(inherited) @executable_path/Frameworks @loader_path/Frameworks";
				PRODUCT_BUNDLE_IDENTIFIER = me.ivanrublev.MyLife2Tests;
				PRODUCT_NAME = "$(TARGET_NAME)";
				SWIFT_VERSION = 3.0;
				TEST_HOST = "$(BUILT_PRODUCTS_DIR)/MyLife2.app/MyLife2";
			};
			name = Debug;
		};
		AB72921B1DF176BD0006BE61 /* Release */ = {
			isa = XCBuildConfiguration;
			baseConfigurationReference = 446D86022CB483E9FEDFFEA3 /* Pods-MyLife2Tests.release.xcconfig */;
			buildSettings = {
				BUNDLE_LOADER = "$(TEST_HOST)";
				INFOPLIST_FILE = MyLife2Tests/Info.plist;
				LD_RUNPATH_SEARCH_PATHS = "$(inherited) @executable_path/Frameworks @loader_path/Frameworks";
				PRODUCT_BUNDLE_IDENTIFIER = me.ivanrublev.MyLife2Tests;
				PRODUCT_NAME = "$(TARGET_NAME)";
				SWIFT_VERSION = 3.0;
				TEST_HOST = "$(BUILT_PRODUCTS_DIR)/MyLife2.app/MyLife2";
			};
			name = Release;
		};
/* End XCBuildConfiguration section */

/* Begin XCConfigurationList section */
		AB7291F41DF176BD0006BE61 /* Build configuration list for PBXProject "MyLife2" */ = {
			isa = XCConfigurationList;
			buildConfigurations = (
				AB7292141DF176BD0006BE61 /* Debug */,
				AB7292151DF176BD0006BE61 /* Release */,
			);
			defaultConfigurationIsVisible = 0;
			defaultConfigurationName = Release;
		};
		AB7292161DF176BD0006BE61 /* Build configuration list for PBXNativeTarget "MyLife2" */ = {
			isa = XCConfigurationList;
			buildConfigurations = (
				AB7292171DF176BD0006BE61 /* Debug */,
				AB7292181DF176BD0006BE61 /* Release */,
			);
			defaultConfigurationIsVisible = 0;
			defaultConfigurationName = Release;
		};
		AB7292191DF176BD0006BE61 /* Build configuration list for PBXNativeTarget "MyLife2Tests" */ = {
			isa = XCConfigurationList;
			buildConfigurations = (
				AB72921A1DF176BD0006BE61 /* Debug */,
				AB72921B1DF176BD0006BE61 /* Release */,
			);
			defaultConfigurationIsVisible = 0;
			defaultConfigurationName = Release;
		};
/* End XCConfigurationList section */
	};
	rootObject = AB7291F11DF176BD0006BE61 /* Project object */;
}
